
Microsoft Visual Studio Solution File, Format Version 12.00
# Visual Studio Version 16
VisualStudioVersion = 16.0.31424.327
MinimumVisualStudioVersion = 10.0.40219.1
Project("{FAE04EC0-301F-11D3-BF4B-00C04F79EFBC}") = "kayitentity", "kayitentity\kayitentity.csproj", "{6BDAABA7-29D0-467B-95D0-CEE7ED41D700}"
EndProject
Global
	GlobalSection(SolutionConfigurationPlatforms) = preSolution
		Debug|Any CPU = Debug|Any CPU
		Release|Any CPU = Release|Any CPU
	EndGlobalSection
	GlobalSection(ProjectConfigurationPlatforms) = postSolution
		{6BDAABA7-29D0-467B-95D0-CEE7ED41D700}.Debug|Any CPU.ActiveCfg = Debug|Any CPU
		{6BDAABA7-29D0-467B-95D0-CEE7ED41D700}.Debug|Any CPU.Build.0 = Debug|Any CPU
		{6BDAABA7-29D0-467B-95D0-CEE7ED41D700}.Release|Any CPU.ActiveCfg = Release|Any CPU
		{6BDAABA7-29D0-467B-95D0-CEE7ED41D700}.Release|Any CPU.Build.0 = Release|Any CPU
	EndGlobalSection
	GlobalSection(SolutionProperties) = preSolution
		HideSolutionNode = FALSE
	EndGlobalSection
	GlobalSection(ExtensibilityGlobals) = postSolution
		SolutionGuid = {2085FA06-D1DB-4BDD-8369-2B42160BC262}
	EndGlobalSection
EndGlobal
